
Microsoft Visual Studio Solution File, Format Version 12.00
# Visual Studio 2013
VisualStudioVersion = 12.0.40629.0
MinimumVisualStudioVersion = 10.0.40219.1
Project("{FAE04EC0-301F-11D3-BF4B-00C04F79EFBC}") = "Domain", "Domain\Domain.csproj", "{99BE228A-4813-4B06-BF9B-E1727ED8E430}"
EndProject
Project("{00D1A9C2-B5F0-4AF3-8072-F6C62B433612}") = "Database", "Database\Database.sqlproj", "{19C94BB1-EFEA-4902-B6FE-281EC0BFCC93}"
EndProject
Project("{FAE04EC0-301F-11D3-BF4B-00C04F79EFBC}") = "DAL", "DAL\DAL.csproj", "{8E419B33-ABBC-4FEC-982F-888893F0250E}"
EndProject
Project("{FAE04EC0-301F-11D3-BF4B-00C04F79EFBC}") = "DAL.Models", "DAL.Models\DAL.Models.csproj", "{DF2DE748-C5A1-46DF-8E77-6E29B6BB29C7}"
EndProject
Project("{2150E333-8FDC-42A3-9474-1A3956D46DE8}") = "Solution Items", "Solution Items", "{DFB14FE8-FF52-4B6B-806C-30BB9249CA2A}"
	ProjectSection(SolutionItems) = preProject
		ProductInfo.cs = ProductInfo.cs
		VersionInfo.cs = VersionInfo.cs
	EndProjectSection
EndProject
Project("{FAE04EC0-301F-11D3-BF4B-00C04F79EFBC}") = "BLL", "BLL\BLL.csproj", "{3A036D65-AFA8-49C6-A12A-539C1BFA8B6D}"
EndProject
Project("{FAE04EC0-301F-11D3-BF4B-00C04F79EFBC}") = "Tests", "Tests\Tests.csproj", "{A6FD862B-7266-4D12-880F-D9D7B41706D7}"
EndProject
Project("{FAE04EC0-301F-11D3-BF4B-00C04F79EFBC}") = "UI.Web", "UI.Web\UI.Web.csproj", "{8C12142A-5BB5-4131-A05D-B9594EEA1048}"
EndProject
Project("{FAE04EC0-301F-11D3-BF4B-00C04F79EFBC}") = "Tools", "Tools\Tools.csproj", "{7B9C4CED-2595-4969-85C9-0CFDB202B89C}"
EndProject
Project("{00D1A9C2-B5F0-4AF3-8072-F6C62B433612}") = "TestDatabase", "TestDatabase\TestDatabase.sqlproj", "{2344FDEB-3261-49AA-956D-04AFE065943C}"
EndProject
Project("{FAE04EC0-301F-11D3-BF4B-00C04F79EFBC}") = "UI.Web.SPA", "UI.Web.SPA\UI.Web.SPA.csproj", "{294D9753-B9CA-4F17-903C-098A7E56CC57}"
EndProject
Project("{2150E333-8FDC-42A3-9474-1A3956D46DE8}") = ".nuget", ".nuget", "{0AAE8E73-7954-4227-88CB-E1C935984132}"
	ProjectSection(SolutionItems) = preProject
		.nuget\NuGet.Config = .nuget\NuGet.Config
		.nuget\NuGet.exe = .nuget\NuGet.exe
	EndProjectSection
EndProject
Global
	GlobalSection(SolutionConfigurationPlatforms) = preSolution
		Debug|Any CPU = Debug|Any CPU
		Release|Any CPU = Release|Any CPU
	EndGlobalSection
	GlobalSection(ProjectConfigurationPlatforms) = postSolution
		{99BE228A-4813-4B06-BF9B-E1727ED8E430}.Debug|Any CPU.ActiveCfg = Debug|Any CPU
		{99BE228A-4813-4B06-BF9B-E1727ED8E430}.Debug|Any CPU.Build.0 = Debug|Any CPU
		{99BE228A-4813-4B06-BF9B-E1727ED8E430}.Release|Any CPU.ActiveCfg = Release|Any CPU
		{99BE228A-4813-4B06-BF9B-E1727ED8E430}.Release|Any CPU.Build.0 = Release|Any CPU
		{19C94BB1-EFEA-4902-B6FE-281EC0BFCC93}.Debug|Any CPU.ActiveCfg = Debug|Any CPU
		{19C94BB1-EFEA-4902-B6FE-281EC0BFCC93}.Debug|Any CPU.Build.0 = Debug|Any CPU
		{19C94BB1-EFEA-4902-B6FE-281EC0BFCC93}.Debug|Any CPU.Deploy.0 = Debug|Any CPU
		{19C94BB1-EFEA-4902-B6FE-281EC0BFCC93}.Release|Any CPU.ActiveCfg = Release|Any CPU
		{19C94BB1-EFEA-4902-B6FE-281EC0BFCC93}.Release|Any CPU.Build.0 = Release|Any CPU
		{19C94BB1-EFEA-4902-B6FE-281EC0BFCC93}.Release|Any CPU.Deploy.0 = Release|Any CPU
		{8E419B33-ABBC-4FEC-982F-888893F0250E}.Debug|Any CPU.ActiveCfg = Debug|Any CPU
		{8E419B33-ABBC-4FEC-982F-888893F0250E}.Debug|Any CPU.Build.0 = Debug|Any CPU
		{8E419B33-ABBC-4FEC-982F-888893F0250E}.Release|Any CPU.ActiveCfg = Release|Any CPU
		{8E419B33-ABBC-4FEC-982F-888893F0250E}.Release|Any CPU.Build.0 = Release|Any CPU
		{DF2DE748-C5A1-46DF-8E77-6E29B6BB29C7}.Debug|Any CPU.ActiveCfg = Debug|Any CPU
		{DF2DE748-C5A1-46DF-8E77-6E29B6BB29C7}.Debug|Any CPU.Build.0 = Debug|Any CPU
		{DF2DE748-C5A1-46DF-8E77-6E29B6BB29C7}.Release|Any CPU.ActiveCfg = Release|Any CPU
		{DF2DE748-C5A1-46DF-8E77-6E29B6BB29C7}.Release|Any CPU.Build.0 = Release|Any CPU
		{3A036D65-AFA8-49C6-A12A-539C1BFA8B6D}.Debug|Any CPU.ActiveCfg = Debug|Any CPU
		{3A036D65-AFA8-49C6-A12A-539C1BFA8B6D}.Debug|Any CPU.Build.0 = Debug|Any CPU
		{3A036D65-AFA8-49C6-A12A-539C1BFA8B6D}.Release|Any CPU.ActiveCfg = Release|Any CPU
		{3A036D65-AFA8-49C6-A12A-539C1BFA8B6D}.Release|Any CPU.Build.0 = Release|Any CPU
		{A6FD862B-7266-4D12-880F-D9D7B41706D7}.Debug|Any CPU.ActiveCfg = Debug|Any CPU
		{A6FD862B-7266-4D12-880F-D9D7B41706D7}.Debug|Any CPU.Build.0 = Debug|Any CPU
		{A6FD862B-7266-4D12-880F-D9D7B41706D7}.Release|Any CPU.ActiveCfg = Release|Any CPU
		{A6FD862B-7266-4D12-880F-D9D7B41706D7}.Release|Any CPU.Build.0 = Release|Any CPU
		{8C12142A-5BB5-4131-A05D-B9594EEA1048}.Debug|Any CPU.ActiveCfg = Debug|Any CPU
		{8C12142A-5BB5-4131-A05D-B9594EEA1048}.Debug|Any CPU.Build.0 = Debug|Any CPU
		{8C12142A-5BB5-4131-A05D-B9594EEA1048}.Release|Any CPU.ActiveCfg = Release|Any CPU
		{8C12142A-5BB5-4131-A05D-B9594EEA1048}.Release|Any CPU.Build.0 = Release|Any CPU
		{7B9C4CED-2595-4969-85C9-0CFDB202B89C}.Debug|Any CPU.ActiveCfg = Debug|Any CPU
		{7B9C4CED-2595-4969-85C9-0CFDB202B89C}.Debug|Any CPU.Build.0 = Debug|Any CPU
		{7B9C4CED-2595-4969-85C9-0CFDB202B89C}.Release|Any CPU.ActiveCfg = Release|Any CPU
		{7B9C4CED-2595-4969-85C9-0CFDB202B89C}.Release|Any CPU.Build.0 = Release|Any CPU
		{2344FDEB-3261-49AA-956D-04AFE065943C}.Debug|Any CPU.ActiveCfg = Debug|Any CPU
		{2344FDEB-3261-49AA-956D-04AFE065943C}.Debug|Any CPU.Build.0 = Debug|Any CPU
		{2344FDEB-3261-49AA-956D-04AFE065943C}.Debug|Any CPU.Deploy.0 = Debug|Any CPU
		{2344FDEB-3261-49AA-956D-04AFE065943C}.Release|Any CPU.ActiveCfg = Release|Any CPU
		{2344FDEB-3261-49AA-956D-04AFE065943C}.Release|Any CPU.Build.0 = Release|Any CPU
		{2344FDEB-3261-49AA-956D-04AFE065943C}.Release|Any CPU.Deploy.0 = Release|Any CPU
		{294D9753-B9CA-4F17-903C-098A7E56CC57}.Debug|Any CPU.ActiveCfg = Debug|Any CPU
		{294D9753-B9CA-4F17-903C-098A7E56CC57}.Debug|Any CPU.Build.0 = Debug|Any CPU
		{294D9753-B9CA-4F17-903C-098A7E56CC57}.Release|Any CPU.ActiveCfg = Release|Any CPU
		{294D9753-B9CA-4F17-903C-098A7E56CC57}.Release|Any CPU.Build.0 = Release|Any CPU
	EndGlobalSection
	GlobalSection(SolutionProperties) = preSolution
		HideSolutionNode = FALSE
	EndGlobalSection
EndGlobal
